{
  "markbot": "9d3635df6210f8ee25f4b81b703b0b6020d054fe591832038d8ac6567842a01b",
  "markbotignore": "030a4e6e1b3b6b510514a7ae54576e2c2ef762d56236c6414ef634955d96a126",
  "css/modules.css": "8a1ba27ffb3bd425520fe9f6e9353ba5c360d9b8f70214b0e0173359a538d415",
  "css/grid.css": "4530d5fcb8c810ef5c58aaabc319d0562b1e192bc87d572a2397c6395dd65d1c",
  "css/type.css": "6ef904959201c3834a5bf5a7b5b33c9096ca9e2586d1b11844a1ee916d64f301",
  "index-320.png": "69a7526cb9a0ba9da6ba055d02c365cfe7549b76bc671e72a9ba7d03c5fe3480",
  "index-400.png": "e6d9952f223f020550721545979710134575738deb1364debf2d2570cf11b531",
  "index-608.png": "068956820ab89cf896291a8bc51cc11b0a74fc50c7b9be455d8265ed035bea5a",
  "index-960.png": "c84246447fa5a3e41fe23d5e5f424f942f106a92a4717d690e3f9983fd80a501",
  "index-1440.png": "53cc46b3aac7190a50fd73c69485852c28de78da8656ad64ae157b4e482d3ec8"
}